// !$*UTF8*$!
{
	archiveVersion = 1;
	classes = {
	};
	objectVersion = 55;
	objects = {

/* Begin PBXBuildFile section */
		1CC32985754E80ACCEAF26C3 /* Pods_AlamofireTest.framework in Frameworks */ = {isa = PBXBuildFile; fileRef = BD1DEECB430F317EADFA3C6D /* Pods_AlamofireTest.framework */; };
		EB25FCB128CF325900BE1DC6 /* EpisodeTableViewCell.swift in Sources */ = {isa = PBXBuildFile; fileRef = EB25FCB028CF325900BE1DC6 /* EpisodeTableViewCell.swift */; };
		EB25FCB328CF326900BE1DC6 /* EpisodeViewController.swift in Sources */ = {isa = PBXBuildFile; fileRef = EB25FCB228CF326900BE1DC6 /* EpisodeViewController.swift */; };
		EB436134289D1F7E00F6105A /* CharactersViewController.swift in Sources */ = {isa = PBXBuildFile; fileRef = EB436133289D1F7E00F6105A /* CharactersViewController.swift */; };
		EB436136289D2EB000F6105A /* CharactersTableViewCell.swift in Sources */ = {isa = PBXBuildFile; fileRef = EB436135289D2EB000F6105A /* CharactersTableViewCell.swift */; };
		EB436138289D39F900F6105A /* Network.swift in Sources */ = {isa = PBXBuildFile; fileRef = EB436137289D39F900F6105A /* Network.swift */; };
		EB563D7F28C8C02F00B8163D /* LocationViewController.swift in Sources */ = {isa = PBXBuildFile; fileRef = EB563D7E28C8C02F00B8163D /* LocationViewController.swift */; };
		EB563D8128C8C73A00B8163D /* LocationTableViewCell.swift in Sources */ = {isa = PBXBuildFile; fileRef = EB563D8028C8C73A00B8163D /* LocationTableViewCell.swift */; };
		EBA5E1F6289BD330002FCC99 /* AppDelegate.swift in Sources */ = {isa = PBXBuildFile; fileRef = EBA5E1F5289BD330002FCC99 /* AppDelegate.swift */; };
		EBA5E1F8289BD330002FCC99 /* SceneDelegate.swift in Sources */ = {isa = PBXBuildFile; fileRef = EBA5E1F7289BD330002FCC99 /* SceneDelegate.swift */; };
		EBA5E1FA289BD330002FCC99 /* ViewController.swift in Sources */ = {isa = PBXBuildFile; fileRef = EBA5E1F9289BD330002FCC99 /* ViewController.swift */; };
		EBA5E1FF289BD331002FCC99 /* Assets.xcassets in Resources */ = {isa = PBXBuildFile; fileRef = EBA5E1FE289BD331002FCC99 /* Assets.xcassets */; };
		EBA5E202289BD331002FCC99 /* LaunchScreen.storyboard in Resources */ = {isa = PBXBuildFile; fileRef = EBA5E200289BD331002FCC99 /* LaunchScreen.storyboard */; };
/* End PBXBuildFile section */

/* Begin PBXFileReference section */
		828E5FD16B0B67D716E0914C /* Pods-AlamofireTest.release.xcconfig */ = {isa = PBXFileReference; includeInIndex = 1; lastKnownFileType = text.xcconfig; name = "Pods-AlamofireTest.release.xcconfig"; path = "Target Support Files/Pods-AlamofireTest/Pods-AlamofireTest.release.xcconfig"; sourceTree = "<group>"; };
		BD1DEECB430F317EADFA3C6D /* Pods_AlamofireTest.framework */ = {isa = PBXFileReference; explicitFileType = wrapper.framework; includeInIndex = 0; path = Pods_AlamofireTest.framework; sourceTree = BUILT_PRODUCTS_DIR; };
		CC6B941A945A70659BAF3F33 /* Pods-AlamofireTest.debug.xcconfig */ = {isa = PBXFileReference; includeInIndex = 1; lastKnownFileType = text.xcconfig; name = "Pods-AlamofireTest.debug.xcconfig"; path = "Target Support Files/Pods-AlamofireTest/Pods-AlamofireTest.debug.xcconfig"; sourceTree = "<group>"; };
		EB25FCB028CF325900BE1DC6 /* EpisodeTableViewCell.swift */ = {isa = PBXFileReference; lastKnownFileType = sourcecode.swift; path = EpisodeTableViewCell.swift; sourceTree = "<group>"; };
		EB25FCB228CF326900BE1DC6 /* EpisodeViewController.swift */ = {isa = PBXFileReference; lastKnownFileType = sourcecode.swift; path = EpisodeViewController.swift; sourceTree = "<group>"; };
		EB436133289D1F7E00F6105A /* CharactersViewController.swift */ = {isa = PBXFileReference; lastKnownFileType = sourcecode.swift; path = CharactersViewController.swift; sourceTree = "<group>"; };
		EB436135289D2EB000F6105A /* CharactersTableViewCell.swift */ = {isa = PBXFileReference; lastKnownFileType = sourcecode.swift; path = CharactersTableViewCell.swift; sourceTree = "<group>"; };
		EB436137289D39F900F6105A /* Network.swift */ = {isa = PBXFileReference; lastKnownFileType = sourcecode.swift; path = Network.swift; sourceTree = "<group>"; };
		EB563D7E28C8C02F00B8163D /* LocationViewController.swift */ = {isa = PBXFileReference; lastKnownFileType = sourcecode.swift; path = LocationViewController.swift; sourceTree = "<group>"; };
		EB563D8028C8C73A00B8163D /* LocationTableViewCell.swift */ = {isa = PBXFileReference; lastKnownFileType = sourcecode.swift; path = LocationTableViewCell.swift; sourceTree = "<group>"; };
		EBA5E1F2289BD330002FCC99 /* AlamofireTest.app */ = {isa = PBXFileReference; explicitFileType = wrapper.application; includeInIndex = 0; path = AlamofireTest.app; sourceTree = BUILT_PRODUCTS_DIR; };
		EBA5E1F5289BD330002FCC99 /* AppDelegate.swift */ = {isa = PBXFileReference; lastKnownFileType = sourcecode.swift; path = AppDelegate.swift; sourceTree = "<group>"; };
		EBA5E1F7289BD330002FCC99 /* SceneDelegate.swift */ = {isa = PBXFileReference; lastKnownFileType = sourcecode.swift; path = SceneDelegate.swift; sourceTree = "<group>"; };
		EBA5E1F9289BD330002FCC99 /* ViewController.swift */ = {isa = PBXFileReference; lastKnownFileType = sourcecode.swift; path = ViewController.swift; sourceTree = "<group>"; };
		EBA5E1FE289BD331002FCC99 /* Assets.xcassets */ = {isa = PBXFileReference; lastKnownFileType = folder.assetcatalog; path = Assets.xcassets; sourceTree = "<group>"; };
		EBA5E201289BD331002FCC99 /* Base */ = {isa = PBXFileReference; lastKnownFileType = file.storyboard; name = Base; path = Base.lproj/LaunchScreen.storyboard; sourceTree = "<group>"; };
		EBA5E203289BD331002FCC99 /* Info.plist */ = {isa = PBXFileReference; lastKnownFileType = text.plist.xml; path = Info.plist; sourceTree = "<group>"; };
/* End PBXFileReference section */

/* Begin PBXFrameworksBuildPhase section */
		EBA5E1EF289BD330002FCC99 /* Frameworks */ = {
			isa = PBXFrameworksBuildPhase;
			buildActionMask = 2147483647;
			files = (
				1CC32985754E80ACCEAF26C3 /* Pods_AlamofireTest.framework in Frameworks */,
			);
			runOnlyForDeploymentPostprocessing = 0;
		};
/* End PBXFrameworksBuildPhase section */

/* Begin PBXGroup section */
		199198C527E57BCDA330BBA3 /* Pods */ = {
			isa = PBXGroup;
			children = (
				CC6B941A945A70659BAF3F33 /* Pods-AlamofireTest.debug.xcconfig */,
				828E5FD16B0B67D716E0914C /* Pods-AlamofireTest.release.xcconfig */,
			);
			path = Pods;
			sourceTree = "<group>";
		};
		7267B84D63454F3EA1DD9220 /* Frameworks */ = {
			isa = PBXGroup;
			children = (
				BD1DEECB430F317EADFA3C6D /* Pods_AlamofireTest.framework */,
			);
			name = Frameworks;
			sourceTree = "<group>";
		};
		EB25FCAF28CF322500BE1DC6 /* Episode */ = {
			isa = PBXGroup;
			children = (
				EB25FCB228CF326900BE1DC6 /* EpisodeViewController.swift */,
				EB25FCB028CF325900BE1DC6 /* EpisodeTableViewCell.swift */,
			);
			name = Episode;
			sourceTree = "<group>";
		};
		EB563D7C28C8BF9A00B8163D /* Characters */ = {
			isa = PBXGroup;
			children = (
				EB436133289D1F7E00F6105A /* CharactersViewController.swift */,
				EB436135289D2EB000F6105A /* CharactersTableViewCell.swift */,
			);
			name = Characters;
			sourceTree = "<group>";
		};
		EB563D7D28C8BFAD00B8163D /* Location */ = {
			isa = PBXGroup;
			children = (
				EB563D7E28C8C02F00B8163D /* LocationViewController.swift */,
				EB563D8028C8C73A00B8163D /* LocationTableViewCell.swift */,
			);
			name = Location;
			sourceTree = "<group>";
		};
		EBA5E1E9289BD330002FCC99 = {
			isa = PBXGroup;
			children = (
				EBA5E1F4289BD330002FCC99 /* AlamofireTest */,
				EBA5E1F3289BD330002FCC99 /* Products */,
				199198C527E57BCDA330BBA3 /* Pods */,
				7267B84D63454F3EA1DD9220 /* Frameworks */,
			);
			sourceTree = "<group>";
		};
		EBA5E1F3289BD330002FCC99 /* Products */ = {
			isa = PBXGroup;
			children = (
				EBA5E1F2289BD330002FCC99 /* AlamofireTest.app */,
			);
			name = Products;
			sourceTree = "<group>";
		};
		EBA5E1F4289BD330002FCC99 /* AlamofireTest */ = {
			isa = PBXGroup;
			children = (
				EBA5E1F5289BD330002FCC99 /* AppDelegate.swift */,
				EBA5E1F7289BD330002FCC99 /* SceneDelegate.swift */,
				EB436137289D39F900F6105A /* Network.swift */,
				EBA5E1F9289BD330002FCC99 /* ViewController.swift */,
				EB563D7C28C8BF9A00B8163D /* Characters */,
				EB25FCAF28CF322500BE1DC6 /* Episode */,
				EB563D7D28C8BFAD00B8163D /* Location */,
				EBA5E1FE289BD331002FCC99 /* Assets.xcassets */,
				EBA5E200289BD331002FCC99 /* LaunchScreen.storyboard */,
				EBA5E203289BD331002FCC99 /* Info.plist */,
			);
			path = AlamofireTest;
			sourceTree = "<group>";
		};
/* End PBXGroup section */

/* Begin PBXNativeTarget section */
		EBA5E1F1289BD330002FCC99 /* AlamofireTest */ = {
			isa = PBXNativeTarget;
			buildConfigurationList = EBA5E206289BD331002FCC99 /* Build configuration list for PBXNativeTarget "AlamofireTest" */;
			buildPhases = (
				19878E957BCD2B3079B41DA8 /* [CP] Check Pods Manifest.lock */,
				EBA5E1EE289BD330002FCC99 /* Sources */,
				EBA5E1EF289BD330002FCC99 /* Frameworks */,
				EBA5E1F0289BD330002FCC99 /* Resources */,
				767316C5FF318C271B273A3C /* [CP] Embed Pods Frameworks */,
			);
			buildRules = (
			);
			dependencies = (
			);
			name = AlamofireTest;
			productName = AlamofireTest;
			productReference = EBA5E1F2289BD330002FCC99 /* AlamofireTest.app */;
			productType = "com.apple.product-type.application";
		};
/* End PBXNativeTarget section */

/* Begin PBXProject section */
		EBA5E1EA289BD330002FCC99 /* Project object */ = {
			isa = PBXProject;
			attributes = {
				BuildIndependentTargetsInParallel = 1;
				LastSwiftUpdateCheck = 1340;
				LastUpgradeCheck = 1340;
				TargetAttributes = {
					EBA5E1F1289BD330002FCC99 = {
						CreatedOnToolsVersion = 13.4.1;
					};
				};
			};
			buildConfigurationList = EBA5E1ED289BD330002FCC99 /* Build configuration list for PBXProject "AlamofireTest" */;
			compatibilityVersion = "Xcode 13.0";
			developmentRegion = en;
			hasScannedForEncodings = 0;
			knownRegions = (
				en,
				Base,
			);
			mainGroup = EBA5E1E9289BD330002FCC99;
			productRefGroup = EBA5E1F3289BD330002FCC99 /* Products */;
			projectDirPath = "";
			projectRoot = "";
			targets = (
				EBA5E1F1289BD330002FCC99 /* AlamofireTest */,
			);
		};
/* End PBXProject section */

/* Begin PBXResourcesBuildPhase section */
		EBA5E1F0289BD330002FCC99 /* Resources */ = {
			isa = PBXResourcesBuildPhase;
			buildActionMask = 2147483647;
			files = (
				EBA5E202289BD331002FCC99 /* LaunchScreen.storyboard in Resources */,
				EBA5E1FF289BD331002FCC99 /* Assets.xcassets in Resources */,
			);
			runOnlyForDeploymentPostprocessing = 0;
		};
/* End PBXResourcesBuildPhase section */

/* Begin PBXShellScriptBuildPhase section */
		19878E957BCD2B3079B41DA8 /* [CP] Check Pods Manifest.lock */ = {
			isa = PBXShellScriptBuildPhase;
			buildActionMask = 2147483647;
			files = (
			);
			inputFileListPaths = (
			);
			inputPaths = (
				"${PODS_PODFILE_DIR_PATH}/Podfile.lock",
				"${PODS_ROOT}/Manifest.lock",
			);
			name = "[CP] Check Pods Manifest.lock";
			outputFileListPaths = (
			);
			outputPaths = (
				"$(DERIVED_FILE_DIR)/Pods-AlamofireTest-checkManifestLockResult.txt",
			);
			runOnlyForDeploymentPostprocessing = 0;
			shellPath = /bin/sh;
			shellScript = "diff \"${PODS_PODFILE_DIR_PATH}/Podfile.lock\" \"${PODS_ROOT}/Manifest.lock\" > /dev/null\nif [ $? != 0 ] ; then\n    # print error to STDERR\n    echo \"error: The sandbox is not in sync with the Podfile.lock. Run 'pod install' or update your CocoaPods installation.\" >&2\n    exit 1\nfi\n# This output is used by Xcode 'outputs' to avoid re-running this script phase.\necho \"SUCCESS\" > \"${SCRIPT_OUTPUT_FILE_0}\"\n";
			showEnvVarsInLog = 0;
		};
		767316C5FF318C271B273A3C /* [CP] Embed Pods Frameworks */ = {
			isa = PBXShellScriptBuildPhase;
			buildActionMask = 2147483647;
			files = (
			);
			inputFileListPaths = (
				"${PODS_ROOT}/Target Support Files/Pods-AlamofireTest/Pods-AlamofireTest-frameworks-${CONFIGURATION}-input-files.xcfilelist",
			);
			name = "[CP] Embed Pods Frameworks";
			outputFileListPaths = (
				"${PODS_ROOT}/Target Support Files/Pods-AlamofireTest/Pods-AlamofireTest-frameworks-${CONFIGURATION}-output-files.xcfilelist",
			);
			runOnlyForDeploymentPostprocessing = 0;
			shellPath = /bin/sh;
			shellScript = "\"${PODS_ROOT}/Target Support Files/Pods-AlamofireTest/Pods-AlamofireTest-frameworks.sh\"\n";
			showEnvVarsInLog = 0;
		};
/* End PBXShellScriptBuildPhase section */

/* Begin PBXSourcesBuildPhase section */
		EBA5E1EE289BD330002FCC99 /* Sources */ = {
			isa = PBXSourcesBuildPhase;
			buildActionMask = 2147483647;
			files = (
				EB25FCB128CF325900BE1DC6 /* EpisodeTableViewCell.swift in Sources */,
				EB563D7F28C8C02F00B8163D /* LocationViewController.swift in Sources */,
				EBA5E1FA289BD330002FCC99 /* ViewController.swift in Sources */,
				EB563D8128C8C73A00B8163D /* LocationTableViewCell.swift in Sources */,
				EB25FCB328CF326900BE1DC6 /* EpisodeViewController.swift in Sources */,
				EBA5E1F6289BD330002FCC99 /* AppDelegate.swift in Sources */,
				EBA5E1F8289BD330002FCC99 /* SceneDelegate.swift in Sources */,
				EB436136289D2EB000F6105A /* CharactersTableViewCell.swift in Sources */,
				EB436134289D1F7E00F6105A /* CharactersViewController.swift in Sources */,
				EB436138289D39F900F6105A /* Network.swift in Sources */,
			);
			runOnlyForDeploymentPostprocessing = 0;
		};
/* End PBXSourcesBuildPhase section */

/* Begin PBXVariantGroup section */
		EBA5E200289BD331002FCC99 /* LaunchScreen.storyboard */ = {
			isa = PBXVariantGroup;
			children = (
				EBA5E201289BD331002FCC99 /* Base */,
			);
			name = LaunchScreen.storyboard;
			sourceTree = "<group>";
		};
/* End PBXVariantGroup section */

/* Begin XCBuildConfiguration section */
		EBA5E204289BD331002FCC99 /* Debug */ = {
			isa = XCBuildConfiguration;
			buildSettings = {
				ALWAYS_SEARCH_USER_PATHS = NO;
				CLANG_ANALYZER_NONNULL = YES;
				CLANG_ANALYZER_NUMBER_OBJECT_CONVERSION = YES_AGGRESSIVE;
				CLANG_CXX_LANGUAGE_STANDARD = "gnu++17";
				CLANG_ENABLE_MODULES = YES;
				CLANG_ENABLE_OBJC_ARC = YES;
				CLANG_ENABLE_OBJC_WEAK = YES;
				CLANG_WARN_BLOCK_CAPTURE_AUTORELEASING = YES;
				CLANG_WARN_BOOL_CONVERSION = YES;
				CLANG_WARN_COMMA = YES;
				CLANG_WARN_CONSTANT_CONVERSION = YES;
				CLANG_WARN_DEPRECATED_OBJC_IMPLEMENTATIONS = YES;
				CLANG_WARN_DIRECT_OBJC_ISA_USAGE = YES_ERROR;
				CLANG_WARN_DOCUMENTATION_COMMENTS = YES;
				CLANG_WARN_EMPTY_BODY = YES;
				CLANG_WARN_ENUM_CONVERSION = YES;
				CLANG_WARN_INFINITE_RECURSION = YES;
				CLANG_WARN_INT_CONVERSION = YES;
				CLANG_WARN_NON_LITERAL_NULL_CONVERSION = YES;
				CLANG_WARN_OBJC_IMPLICIT_RETAIN_SELF = YES;
				CLANG_WARN_OBJC_LITERAL_CONVERSION = YES;
				CLANG_WARN_OBJC_ROOT_CLASS = YES_ERROR;
				CLANG_WARN_QUOTED_INCLUDE_IN_FRAMEWORK_HEADER = YES;
				CLANG_WARN_RANGE_LOOP_ANALYSIS = YES;
				CLANG_WARN_STRICT_PROTOTYPES = YES;
				CLANG_WARN_SUSPICIOUS_MOVE = YES;
				CLANG_WARN_UNGUARDED_AVAILABILITY = YES_AGGRESSIVE;
				CLANG_WARN_UNREACHABLE_CODE = YES;
				CLANG_WARN__DUPLICATE_METHOD_MATCH = YES;
				COPY_PHASE_STRIP = NO;
				DEBUG_INFORMATION_FORMAT = dwarf;
				ENABLE_STRICT_OBJC_MSGSEND = YES;
				ENABLE_TESTABILITY = YES;
				GCC_C_LANGUAGE_STANDARD = gnu11;
				GCC_DYNAMIC_NO_PIC = NO;
				GCC_NO_COMMON_BLOCKS = YES;
				GCC_OPTIMIZATION_LEVEL = 0;
				GCC_PREPROCESSOR_DEFINITIONS = (
					"DEBUG=1",
					"$(inherited)",
				);
				GCC_WARN_64_TO_32_BIT_CONVERSION = YES;
				GCC_WARN_ABOUT_RETURN_TYPE = YES_ERROR;
				GCC_WARN_UNDECLARED_SELECTOR = YES;
				GCC_WARN_UNINITIALIZED_AUTOS = YES_AGGRESSIVE;
				GCC_WARN_UNUSED_FUNCTION = YES;
				GCC_WARN_UNUSED_VARIABLE = YES;
				IPHONEOS_DEPLOYMENT_TARGET = 15.5;
				MTL_ENABLE_DEBUG_INFO = INCLUDE_SOURCE;
				MTL_FAST_MATH = YES;
				ONLY_ACTIVE_ARCH = YES;
				SDKROOT = iphoneos;
				SWIFT_ACTIVE_COMPILATION_CONDITIONS = DEBUG;
				SWIFT_OPTIMIZATION_LEVEL = "-Onone";
			};
			name = Debug;
		};
		EBA5E205289BD331002FCC99 /* Release */ = {
			isa = XCBuildConfiguration;
			buildSettings = {
				ALWAYS_SEARCH_USER_PATHS = NO;
				CLANG_ANALYZER_NONNULL = YES;
				CLANG_ANALYZER_NUMBER_OBJECT_CONVERSION = YES_AGGRESSIVE;
				CLANG_CXX_LANGUAGE_STANDARD = "gnu++17";
				CLANG_ENABLE_MODULES = YES;
				CLANG_ENABLE_OBJC_ARC = YES;
				CLANG_ENABLE_OBJC_WEAK = YES;
				CLANG_WARN_BLOCK_CAPTURE_AUTORELEASING = YES;
				CLANG_WARN_BOOL_CONVERSION = YES;
				CLANG_WARN_COMMA = YES;
				CLANG_WARN_CONSTANT_CONVERSION = YES;
				CLANG_WARN_DEPRECATED_OBJC_IMPLEMENTATIONS = YES;
				CLANG_WARN_DIRECT_OBJC_ISA_USAGE = YES_ERROR;
				CLANG_WARN_DOCUMENTATION_COMMENTS = YES;
				CLANG_WARN_EMPTY_BODY = YES;
				CLANG_WARN_ENUM_CONVERSION = YES;
				CLANG_WARN_INFINITE_RECURSION = YES;
				CLANG_WARN_INT_CONVERSION = YES;
				CLANG_WARN_NON_LITERAL_NULL_CONVERSION = YES;
				CLANG_WARN_OBJC_IMPLICIT_RETAIN_SELF = YES;
				CLANG_WARN_OBJC_LITERAL_CONVERSION = YES;
				CLANG_WARN_OBJC_ROOT_CLASS = YES_ERROR;
				CLANG_WARN_QUOTED_INCLUDE_IN_FRAMEWORK_HEADER = YES;
				CLANG_WARN_RANGE_LOOP_ANALYSIS = YES;
				CLANG_WARN_STRICT_PROTOTYPES = YES;
				CLANG_WARN_SUSPICIOUS_MOVE = YES;
				CLANG_WARN_UNGUARDED_AVAILABILITY = YES_AGGRESSIVE;
				CLANG_WARN_UNREACHABLE_CODE = YES;
				CLANG_WARN__DUPLICATE_METHOD_MATCH = YES;
				COPY_PHASE_STRIP = NO;
				DEBUG_INFORMATION_FORMAT = "dwarf-with-dsym";
				ENABLE_NS_ASSERTIONS = NO;
				ENABLE_STRICT_OBJC_MSGSEND = YES;
				GCC_C_LANGUAGE_STANDARD = gnu11;
				GCC_NO_COMMON_BLOCKS = YES;
				GCC_WARN_64_TO_32_BIT_CONVERSION = YES;
				GCC_WARN_ABOUT_RETURN_TYPE = YES_ERROR;
				GCC_WARN_UNDECLARED_SELECTOR = YES;
				GCC_WARN_UNINITIALIZED_AUTOS = YES_AGGRESSIVE;
				GCC_WARN_UNUSED_FUNCTION = YES;
				GCC_WARN_UNUSED_VARIABLE = YES;
				IPHONEOS_DEPLOYMENT_TARGET = 15.5;
				MTL_ENABLE_DEBUG_INFO = NO;
				MTL_FAST_MATH = YES;
				SDKROOT = iphoneos;
				SWIFT_COMPILATION_MODE = wholemodule;
				SWIFT_OPTIMIZATION_LEVEL = "-O";
				VALIDATE_PRODUCT = YES;
			};
			name = Release;
		};
		EBA5E207289BD331002FCC99 /* Debug */ = {
			isa = XCBuildConfiguration;
			baseConfigurationReference = CC6B941A945A70659BAF3F33 /* Pods-AlamofireTest.debug.xcconfig */;
			buildSettings = {
				ASSETCATALOG_COMPILER_APPICON_NAME = AppIcon;
				ASSETCATALOG_COMPILER_GLOBAL_ACCENT_COLOR_NAME = AccentColor;
				CODE_SIGN_STYLE = Automatic;
				CURRENT_PROJECT_VERSION = 1;
				DEVELOPMENT_TEAM = 8F7XS6K9XY;
				GENERATE_INFOPLIST_FILE = YES;
				INFOPLIST_FILE = AlamofireTest/Info.plist;
				INFOPLIST_KEY_UIApplicationSupportsIndirectInputEvents = YES;
				INFOPLIST_KEY_UILaunchStoryboardName = LaunchScreen;
				INFOPLIST_KEY_UISupportedInterfaceOrientations_iPad = "UIInterfaceOrientationPortrait UIInterfaceOrientationPortraitUpsideDown UIInterfaceOrientationLandscapeLeft UIInterfaceOrientationLandscapeRight";
				INFOPLIST_KEY_UISupportedInterfaceOrientations_iPhone = "UIInterfaceOrientationPortrait UIInterfaceOrientationLandscapeLeft UIInterfaceOrientationLandscapeRight";
				LD_RUNPATH_SEARCH_PATHS = (
					"$(inherited)",
					"@executable_path/Frameworks",
				);
				MARKETING_VERSION = 1.0;
				PRODUCT_BUNDLE_IDENTIFIER = "Kirill-Demyantcev.AlamofireTest";
				PRODUCT_NAME = "$(TARGET_NAME)";
				SWIFT_EMIT_LOC_STRINGS = YES;
				SWIFT_VERSION = 5.0;
				TARGETED_DEVICE_FAMILY = "1,2";
			};
			name = Debug;
		};
		EBA5E208289BD331002FCC99 /* Release */ = {
			isa = XCBuildConfiguration;
			baseConfigurationReference = 828E5FD16B0B67D716E0914C /* Pods-AlamofireTest.release.xcconfig */;
			buildSettings = {
				ASSETCATALOG_COMPILER_APPICON_NAME = AppIcon;
				ASSETCATALOG_COMPILER_GLOBAL_ACCENT_COLOR_NAME = AccentColor;
				CODE_SIGN_STYLE = Automatic;
				CURRENT_PROJECT_VERSION = 1;
				DEVELOPMENT_TEAM = 8F7XS6K9XY;
				GENERATE_INFOPLIST_FILE = YES;
				INFOPLIST_FILE = AlamofireTest/Info.plist;
				INFOPLIST_KEY_UIApplicationSupportsIndirectInputEvents = YES;
				INFOPLIST_KEY_UILaunchStoryboardName = LaunchScreen;
				INFOPLIST_KEY_UISupportedInterfaceOrientations_iPad = "UIInterfaceOrientationPortrait UIInterfaceOrientationPortraitUpsideDown UIInterfaceOrientationLandscapeLeft UIInterfaceOrientationLandscapeRight";
				INFOPLIST_KEY_UISupportedInterfaceOrientations_iPhone = "UIInterfaceOrientationPortrait UIInterfaceOrientationLandscapeLeft UIInterfaceOrientationLandscapeRight";
				LD_RUNPATH_SEARCH_PATHS = (
					"$(inherited)",
					"@executable_path/Frameworks",
				);
				MARKETING_VERSION = 1.0;
				PRODUCT_BUNDLE_IDENTIFIER = "Kirill-Demyantcev.AlamofireTest";
				PRODUCT_NAME = "$(TARGET_NAME)";
				SWIFT_EMIT_LOC_STRINGS = YES;
				SWIFT_VERSION = 5.0;
				TARGETED_DEVICE_FAMILY = "1,2";
			};
			name = Release;
		};
/* End XCBuildConfiguration section */

/* Begin XCConfigurationList section */
		EBA5E1ED289BD330002FCC99 /* Build configuration list for PBXProject "AlamofireTest" */ = {
			isa = XCConfigurationList;
			buildConfigurations = (
				EBA5E204289BD331002FCC99 /* Debug */,
				EBA5E205289BD331002FCC99 /* Release */,
			);
			defaultConfigurationIsVisible = 0;
			defaultConfigurationName = Release;
		};
		EBA5E206289BD331002FCC99 /* Build configuration list for PBXNativeTarget "AlamofireTest" */ = {
			isa = XCConfigurationList;
			buildConfigurations = (
				EBA5E207289BD331002FCC99 /* Debug */,
				EBA5E208289BD331002FCC99 /* Release */,
			);
			defaultConfigurationIsVisible = 0;
			defaultConfigurationName = Release;
		};
/* End XCConfigurationList section */
	};
	rootObject = EBA5E1EA289BD330002FCC99 /* Project object */;
}
